PODS:
  - Masonry (1.1.0)
  - XYInfomationSection (1.0.3):
    - Masonry

DEPENDENCIES:
  - XYInfomationSection

SPEC REPOS:
  trunk:
    - Masonry
    - XYInfomationSection

SPEC CHECKSUMS:
  Masonry: 678fab65091a9290e40e2832a55e7ab731aad201
  XYInfomationSection: 78adfd5a3e6b2939c5532f1500a90d52af24a668

PODFILE CHECKSUM: 4ae0a0e5f58b67b7c77410f16739e245d47d77d8

COCOAPODS: 1.10.1
