// !$*UTF8*$!
{
	archiveVersion = 1;
	classes = {
	};
	objectVersion = 46;
	objects = {

/* Begin PBXBuildFile section */
		89FAF2811FD1060C008C9655 /* XYCardbagTests.m in Sources */ = {isa = PBXBuildFile; fileRef = 89FAF2801FD1060C008C9655 /* XYCardbagTests.m */; };
		89FAF28C1FD1060C008C9655 /* XYCardbagUITests.m in Sources */ = {isa = PBXBuildFile; fileRef = 89FAF28B1FD1060C008C9655 /* XYCardbagUITests.m */; };
		89FB5EA61FE7C2B7002AE67C /* AppDelegate.m in Sources */ = {isa = PBXBuildFile; fileRef = 89FB5E9C1FE7C2B7002AE67C /* AppDelegate.m */; };
		89FB5EA81FE7C2B7002AE67C /* LaunchScreen.storyboard in Resources */ = {isa = PBXBuildFile; fileRef = 89FB5E9E1FE7C2B7002AE67C /* LaunchScreen.storyboard */; };
		89FB5EA91FE7C2B7002AE67C /* Main.storyboard in Resources */ = {isa = PBXBuildFile; fileRef = 89FB5EA01FE7C2B7002AE67C /* Main.storyboard */; };
		89FB5EAB1FE7C2B7002AE67C /* main.m in Sources */ = {isa = PBXBuildFile; fileRef = 89FB5EA31FE7C2B7002AE67C /* main.m */; };
		89FB5EAC1FE7C2B7002AE67C /* ViewController.m in Sources */ = {isa = PBXBuildFile; fileRef = 89FB5EA51FE7C2B7002AE67C /* ViewController.m */; };
		89FB5EAE1FE7C2E9002AE67C /* Info.plist in Resources */ = {isa = PBXBuildFile; fileRef = 89FB5EAD1FE7C2E9002AE67C /* Info.plist */; };
		89FB5ECC1FE7C840002AE67C /* XYNetAccountController.m in Sources */ = {isa = PBXBuildFile; fileRef = 89FB5ECB1FE7C840002AE67C /* XYNetAccountController.m */; };
		89FB5ECF1FE7C85D002AE67C /* XYIdentitiesController.m in Sources */ = {isa = PBXBuildFile; fileRef = 89FB5ECE1FE7C85D002AE67C /* XYIdentitiesController.m */; };
		89FB5ED21FE7C870002AE67C /* XYBankCardController.m in Sources */ = {isa = PBXBuildFile; fileRef = 89FB5ED11FE7C870002AE67C /* XYBankCardController.m */; };
		89FB5ED51FE7C87A002AE67C /* XYContactsListController.m in Sources */ = {isa = PBXBuildFile; fileRef = 89FB5ED41FE7C87A002AE67C /* XYContactsListController.m */; };
		89FB5EDF1FE7C8E6002AE67C /* XYTabBarController.m in Sources */ = {isa = PBXBuildFile; fileRef = 89FB5EDD1FE7C8E6002AE67C /* XYTabBarController.m */; };
		89FB5EE21FE7C908002AE67C /* XYTabBar.m in Sources */ = {isa = PBXBuildFile; fileRef = 89FB5EE11FE7C908002AE67C /* XYTabBar.m */; };
		89FB5EEE1FE8CF9E002AE67C /* XYNavigationController.m in Sources */ = {isa = PBXBuildFile; fileRef = 89FB5EED1FE8CF9E002AE67C /* XYNavigationController.m */; };
		89FB5EFE1FE8EB19002AE67C /* XYCommon.m in Sources */ = {isa = PBXBuildFile; fileRef = 89FB5EF21FE8EB19002AE67C /* XYCommon.m */; };
		89FB5EFF1FE8EB19002AE67C /* UIBarButtonItem+XYAdd.m in Sources */ = {isa = PBXBuildFile; fileRef = 89FB5EF61FE8EB19002AE67C /* UIBarButtonItem+XYAdd.m */; };
		89FB5F001FE8EB19002AE67C /* UIImage+XYAdd.m in Sources */ = {isa = PBXBuildFile; fileRef = 89FB5EF81FE8EB19002AE67C /* UIImage+XYAdd.m */; };
		89FB5F011FE8EB19002AE67C /* UITextField+XYAdd.m in Sources */ = {isa = PBXBuildFile; fileRef = 89FB5EFA1FE8EB19002AE67C /* UITextField+XYAdd.m */; };
		89FB5F021FE8EB19002AE67C /* UIView+XYAdd.m in Sources */ = {isa = PBXBuildFile; fileRef = 89FB5EFC1FE8EB19002AE67C /* UIView+XYAdd.m */; };
		89FB5F041FE8EB64002AE67C /* Assets.xcassets in Resources */ = {isa = PBXBuildFile; fileRef = 89FB5F031FE8EB64002AE67C /* Assets.xcassets */; };
		B431CFCA20EDB2CC008CD732 /* carIcon.png in Resources */ = {isa = PBXBuildFile; fileRef = B431CFC920EDB2CC008CD732 /* carIcon.png */; };
		B431CFCD20EDBD80008CD732 /* XYToolBar.m in Sources */ = {isa = PBXBuildFile; fileRef = B431CFCC20EDBD80008CD732 /* XYToolBar.m */; };
		B431CFD020EE1E34008CD732 /* XYBankCardModel.m in Sources */ = {isa = PBXBuildFile; fileRef = B431CFCF20EE1E34008CD732 /* XYBankCardModel.m */; };
		B431CFD420EE1FAA008CD732 /* XYBankCardCache.m in Sources */ = {isa = PBXBuildFile; fileRef = B431CFD320EE1FAA008CD732 /* XYBankCardCache.m */; };
		B458EF9A2010434C00B3D0D3 /* FMDatabaseQueue.m in Sources */ = {isa = PBXBuildFile; fileRef = B458EF8F2010434C00B3D0D3 /* FMDatabaseQueue.m */; };
		B458EF9B2010434C00B3D0D3 /* FMDatabaseAdditions.m in Sources */ = {isa = PBXBuildFile; fileRef = B458EF922010434C00B3D0D3 /* FMDatabaseAdditions.m */; };
		B458EF9C2010434C00B3D0D3 /* FMDatabase.m in Sources */ = {isa = PBXBuildFile; fileRef = B458EF932010434C00B3D0D3 /* FMDatabase.m */; };
		B458EF9D2010434C00B3D0D3 /* FMDatabasePool.m in Sources */ = {isa = PBXBuildFile; fileRef = B458EF972010434C00B3D0D3 /* FMDatabasePool.m */; };
		B458EF9E2010434C00B3D0D3 /* FMResultSet.m in Sources */ = {isa = PBXBuildFile; fileRef = B458EF982010434C00B3D0D3 /* FMResultSet.m */; };
		B458EF9F2010434C00B3D0D3 /* Info.plist in Resources */ = {isa = PBXBuildFile; fileRef = B458EF992010434C00B3D0D3 /* Info.plist */; };
		B458EFA2201043C400B3D0D3 /* XYContactsDBTool.m in Sources */ = {isa = PBXBuildFile; fileRef = B458EFA1201043C400B3D0D3 /* XYContactsDBTool.m */; };
		B458EFA62010864000B3D0D3 /* XYContactsDetailController.m in Sources */ = {isa = PBXBuildFile; fileRef = B458EFA42010864000B3D0D3 /* XYContactsDetailController.m */; };
		B458EFA72010864000B3D0D3 /* XYContactsDetailController.xib in Resources */ = {isa = PBXBuildFile; fileRef = B458EFA52010864000B3D0D3 /* XYContactsDetailController.xib */; };
		B458EFAB2010876300B3D0D3 /* XYContactDetailCell.m in Sources */ = {isa = PBXBuildFile; fileRef = B458EFA92010876300B3D0D3 /* XYContactDetailCell.m */; };
		B458EFAC2010876300B3D0D3 /* XYContactDetailCell.xib in Resources */ = {isa = PBXBuildFile; fileRef = B458EFAA2010876300B3D0D3 /* XYContactDetailCell.xib */; };
		B45B189C2011D04B00359427 /* XYAddNewContactController.m in Sources */ = {isa = PBXBuildFile; fileRef = B45B18992011D04B00359427 /* XYAddNewContactController.m */; };
		B45B18A02011D92900359427 /* XYNewContactInfoCell.m in Sources */ = {isa = PBXBuildFile; fileRef = B45B189E2011D92900359427 /* XYNewContactInfoCell.m */; };
		B45B18A12011D92900359427 /* XYNewContactInfoCell.xib in Resources */ = {isa = PBXBuildFile; fileRef = B45B189F2011D92900359427 /* XYNewContactInfoCell.xib */; };
		B45B18A52011EA2800359427 /* XYNewContactPhoneCell.m in Sources */ = {isa = PBXBuildFile; fileRef = B45B18A32011EA2800359427 /* XYNewContactPhoneCell.m */; };
		B45B18A62011EA2800359427 /* XYNewContactPhoneCell.xib in Resources */ = {isa = PBXBuildFile; fileRef = B45B18A42011EA2800359427 /* XYNewContactPhoneCell.xib */; };
		B45B18A92011EEE000359427 /* XYAddNewCell.m in Sources */ = {isa = PBXBuildFile; fileRef = B45B18A82011EEE000359427 /* XYAddNewCell.m */; };
		B4614096201835D000BE5A24 /* MJMember.m in Sources */ = {isa = PBXBuildFile; fileRef = B4614083201835D000BE5A24 /* MJMember.m */; };
		B4614097201835D000BE5A24 /* NSObject+MJKeyValue.m in Sources */ = {isa = PBXBuildFile; fileRef = B4614086201835D000BE5A24 /* NSObject+MJKeyValue.m */; };
		B4614098201835D000BE5A24 /* MJIvar.m in Sources */ = {isa = PBXBuildFile; fileRef = B4614087201835D000BE5A24 /* MJIvar.m */; };
		B4614099201835D000BE5A24 /* MJType.m in Sources */ = {isa = PBXBuildFile; fileRef = B4614089201835D000BE5A24 /* MJType.m */; };
		B461409A201835D000BE5A24 /* MJTypeEncoding.m in Sources */ = {isa = PBXBuildFile; fileRef = B461408A201835D000BE5A24 /* MJTypeEncoding.m */; };
		B461409B201835D000BE5A24 /* NSObject+MJCoding.m in Sources */ = {isa = PBXBuildFile; fileRef = B461408B201835D000BE5A24 /* NSObject+MJCoding.m */; };
		B461409C201835D000BE5A24 /* MJMethod.m in Sources */ = {isa = PBXBuildFile; fileRef = B461408E201835D000BE5A24 /* MJMethod.m */; };
		B461409D201835D000BE5A24 /* MJArgument.m in Sources */ = {isa = PBXBuildFile; fileRef = B461408F201835D000BE5A24 /* MJArgument.m */; };
		B461409E201835D000BE5A24 /* NSObject+MJMember.m in Sources */ = {isa = PBXBuildFile; fileRef = B4614095201835D000BE5A24 /* NSObject+MJMember.m */; };
		B4990F0B200EEAFA009F3BB0 /* XYContacts.m in Sources */ = {isa = PBXBuildFile; fileRef = B4990F0A200EEAFA009F3BB0 /* XYContacts.m */; };
		B4ABDE4620ED1B1C00E74941 /* XYBankCardBgViewController.m in Sources */ = {isa = PBXBuildFile; fileRef = B4ABDE4520ED1B1B00E74941 /* XYBankCardBgViewController.m */; };
		B4ABDE6120ED2BED00E74941 /* NSLayoutConstraint+MASDebugAdditions.m in Sources */ = {isa = PBXBuildFile; fileRef = B4ABDE4920ED2BED00E74941 /* NSLayoutConstraint+MASDebugAdditions.m */; };
		B4ABDE6220ED2BED00E74941 /* ViewController+MASAdditions.m in Sources */ = {isa = PBXBuildFile; fileRef = B4ABDE5220ED2BED00E74941 /* ViewController+MASAdditions.m */; };
		B4ABDE6320ED2BED00E74941 /* MASCompositeConstraint.m in Sources */ = {isa = PBXBuildFile; fileRef = B4ABDE5620ED2BED00E74941 /* MASCompositeConstraint.m */; };
		B4ABDE6420ED2BED00E74941 /* MASConstraintMaker.m in Sources */ = {isa = PBXBuildFile; fileRef = B4ABDE5720ED2BED00E74941 /* MASConstraintMaker.m */; };
		B4ABDE6520ED2BED00E74941 /* MASLayoutConstraint.m in Sources */ = {isa = PBXBuildFile; fileRef = B4ABDE5820ED2BED00E74941 /* MASLayoutConstraint.m */; };
		B4ABDE6620ED2BED00E74941 /* NSArray+MASAdditions.m in Sources */ = {isa = PBXBuildFile; fileRef = B4ABDE5920ED2BED00E74941 /* NSArray+MASAdditions.m */; };
		B4ABDE6720ED2BED00E74941 /* View+MASAdditions.m in Sources */ = {isa = PBXBuildFile; fileRef = B4ABDE5A20ED2BED00E74941 /* View+MASAdditions.m */; };
		B4ABDE6820ED2BED00E74941 /* MASConstraint.m in Sources */ = {isa = PBXBuildFile; fileRef = B4ABDE5D20ED2BED00E74941 /* MASConstraint.m */; };
		B4ABDE6920ED2BED00E74941 /* MASViewConstraint.m in Sources */ = {isa = PBXBuildFile; fileRef = B4ABDE5F20ED2BED00E74941 /* MASViewConstraint.m */; };
		B4ABDE6A20ED2BED00E74941 /* MASViewAttribute.m in Sources */ = {isa = PBXBuildFile; fileRef = B4ABDE6020ED2BED00E74941 /* MASViewAttribute.m */; };
		B4C7C67920EE80E00078BEEB /* XYAddCategoryController.m in Sources */ = {isa = PBXBuildFile; fileRef = B4C7C67820EE80E00078BEEB /* XYAddCategoryController.m */; };
/* End PBXBuildFile section */

/* Begin PBXContainerItemProxy section */
		89FAF27D1FD1060C008C9655 /* PBXContainerItemProxy */ = {
			isa = PBXContainerItemProxy;
			containerPortal = 89FAF25B1FD1060B008C9655 /* Project object */;
			proxyType = 1;
			remoteGlobalIDString = 89FAF2621FD1060B008C9655;
			remoteInfo = XYCardbag;
		};
		89FAF2881FD1060C008C9655 /* PBXContainerItemProxy */ = {
			isa = PBXContainerItemProxy;
			containerPortal = 89FAF25B1FD1060B008C9655 /* Project object */;
			proxyType = 1;
			remoteGlobalIDString = 89FAF2621FD1060B008C9655;
			remoteInfo = XYCardbag;
		};
/* End PBXContainerItemProxy section */

/* Begin PBXCopyFilesBuildPhase section */
		89FAF29B1FD14FCB008C9655 /* CopyFiles */ = {
			isa = PBXCopyFilesBuildPhase;
			buildActionMask = 2147483647;
			dstPath = "include/$(PRODUCT_NAME)";
			dstSubfolderSpec = 16;
			files = (
			);
			runOnlyForDeploymentPostprocessing = 0;
		};
/* End PBXCopyFilesBuildPhase section */

/* Begin PBXFileReference section */
		89FAF2631FD1060C008C9655 /* XYCardbag.app */ = {isa = PBXFileReference; explicitFileType = wrapper.application; includeInIndex = 0; path = XYCardbag.app; sourceTree = BUILT_PRODUCTS_DIR; };
		89FAF27C1FD1060C008C9655 /* XYCardbagTests.xctest */ = {isa = PBXFileReference; explicitFileType = wrapper.cfbundle; includeInIndex = 0; path = XYCardbagTests.xctest; sourceTree = BUILT_PRODUCTS_DIR; };
		89FAF2801FD1060C008C9655 /* XYCardbagTests.m */ = {isa = PBXFileReference; lastKnownFileType = sourcecode.c.objc; path = XYCardbagTests.m; sourceTree = "<group>"; };
		89FAF2821FD1060C008C9655 /* Info.plist */ = {isa = PBXFileReference; lastKnownFileType = text.plist.xml; path = Info.plist; sourceTree = "<group>"; };
		89FAF2871FD1060C008C9655 /* XYCardbagUITests.xctest */ = {isa = PBXFileReference; explicitFileType = wrapper.cfbundle; includeInIndex = 0; path = XYCardbagUITests.xctest; sourceTree = BUILT_PRODUCTS_DIR; };
		89FAF28B1FD1060C008C9655 /* XYCardbagUITests.m */ = {isa = PBXFileReference; lastKnownFileType = sourcecode.c.objc; path = XYCardbagUITests.m; sourceTree = "<group>"; };
		89FAF28D1FD1060C008C9655 /* Info.plist */ = {isa = PBXFileReference; lastKnownFileType = text.plist.xml; path = Info.plist; sourceTree = "<group>"; };
		89FAF29D1FD14FCB008C9655 /* libnen.a */ = {isa = PBXFileReference; explicitFileType = archive.ar; includeInIndex = 0; path = libnen.a; sourceTree = BUILT_PRODUCTS_DIR; };
		89FB5E9B1FE7C2B7002AE67C /* AppDelegate.h */ = {isa = PBXFileReference; fileEncoding = 4; lastKnownFileType = sourcecode.c.h; path = AppDelegate.h; sourceTree = "<group>"; };
		89FB5E9C1FE7C2B7002AE67C /* AppDelegate.m */ = {isa = PBXFileReference; fileEncoding = 4; lastKnownFileType = sourcecode.c.objc; path = AppDelegate.m; sourceTree = "<group>"; };
		89FB5E9F1FE7C2B7002AE67C /* Base */ = {isa = PBXFileReference; lastKnownFileType = file.storyboard; name = Base; path = Base.lproj/LaunchScreen.storyboard; sourceTree = "<group>"; };
		89FB5EA11FE7C2B7002AE67C /* Base */ = {isa = PBXFileReference; lastKnownFileType = file.storyboard; name = Base; path = Base.lproj/Main.storyboard; sourceTree = "<group>"; };
		89FB5EA31FE7C2B7002AE67C /* main.m */ = {isa = PBXFileReference; fileEncoding = 4; lastKnownFileType = sourcecode.c.objc; path = main.m; sourceTree = "<group>"; };
		89FB5EA41FE7C2B7002AE67C /* ViewController.h */ = {isa = PBXFileReference; fileEncoding = 4; lastKnownFileType = sourcecode.c.h; path = ViewController.h; sourceTree = "<group>"; };
		89FB5EA51FE7C2B7002AE67C /* ViewController.m */ = {isa = PBXFileReference; fileEncoding = 4; lastKnownFileType = sourcecode.c.objc; path = ViewController.m; sourceTree = "<group>"; };
		89FB5EAD1FE7C2E9002AE67C /* Info.plist */ = {isa = PBXFileReference; fileEncoding = 4; lastKnownFileType = text.plist.xml; name = Info.plist; path = XYCardbag/Info.plist; sourceTree = "<group>"; };
		89FB5ECA1FE7C840002AE67C /* XYNetAccountController.h */ = {isa = PBXFileReference; fileEncoding = 4; lastKnownFileType = sourcecode.c.h; path = XYNetAccountController.h; sourceTree = "<group>"; };
		89FB5ECB1FE7C840002AE67C /* XYNetAccountController.m */ = {isa = PBXFileReference; fileEncoding = 4; lastKnownFileType = sourcecode.c.objc; path = XYNetAccountController.m; sourceTree = "<group>"; };
		89FB5ECD1FE7C85D002AE67C /* XYIdentitiesController.h */ = {isa = PBXFileReference; fileEncoding = 4; lastKnownFileType = sourcecode.c.h; path = XYIdentitiesController.h; sourceTree = "<group>"; };
		89FB5ECE1FE7C85D002AE67C /* XYIdentitiesController.m */ = {isa = PBXFileReference; fileEncoding = 4; lastKnownFileType = sourcecode.c.objc; path = XYIdentitiesController.m; sourceTree = "<group>"; };
		89FB5ED01FE7C870002AE67C /* XYBankCardController.h */ = {isa = PBXFileReference; fileEncoding = 4; lastKnownFileType = sourcecode.c.h; path = XYBankCardController.h; sourceTree = "<group>"; };
		89FB5ED11FE7C870002AE67C /* XYBankCardController.m */ = {isa = PBXFileReference; fileEncoding = 4; lastKnownFileType = sourcecode.c.objc; path = XYBankCardController.m; sourceTree = "<group>"; };
		89FB5ED31FE7C87A002AE67C /* XYContactsListController.h */ = {isa = PBXFileReference; fileEncoding = 4; lastKnownFileType = sourcecode.c.h; path = XYContactsListController.h; sourceTree = "<group>"; };
		89FB5ED41FE7C87A002AE67C /* XYContactsListController.m */ = {isa = PBXFileReference; fileEncoding = 4; lastKnownFileType = sourcecode.c.objc; path = XYContactsListController.m; sourceTree = "<group>"; };
		89FB5EDC1FE7C8E6002AE67C /* XYTabBarController.h */ = {isa = PBXFileReference; fileEncoding = 4; lastKnownFileType = sourcecode.c.h; path = XYTabBarController.h; sourceTree = "<group>"; };
		89FB5EDD1FE7C8E6002AE67C /* XYTabBarController.m */ = {isa = PBXFileReference; fileEncoding = 4; lastKnownFileType = sourcecode.c.objc; path = XYTabBarController.m; sourceTree = "<group>"; };
		89FB5EE01FE7C908002AE67C /* XYTabBar.h */ = {isa = PBXFileReference; fileEncoding = 4; lastKnownFileType = sourcecode.c.h; path = XYTabBar.h; sourceTree = "<group>"; };
		89FB5EE11FE7C908002AE67C /* XYTabBar.m */ = {isa = PBXFileReference; fileEncoding = 4; lastKnownFileType = sourcecode.c.objc; path = XYTabBar.m; sourceTree = "<group>"; };
		89FB5EEB1FE8BAF1002AE67C /* XYCardbag.pch */ = {isa = PBXFileReference; lastKnownFileType = sourcecode.c.h; path = XYCardbag.pch; sourceTree = "<group>"; };
		89FB5EEC1FE8CF9E002AE67C /* XYNavigationController.h */ = {isa = PBXFileReference; fileEncoding = 4; lastKnownFileType = sourcecode.c.h; path = XYNavigationController.h; sourceTree = "<group>"; };
		89FB5EED1FE8CF9E002AE67C /* XYNavigationController.m */ = {isa = PBXFileReference; fileEncoding = 4; lastKnownFileType = sourcecode.c.objc; path = XYNavigationController.m; sourceTree = "<group>"; };
		89FB5EF11FE8EB19002AE67C /* XYCommon.h */ = {isa = PBXFileReference; fileEncoding = 4; lastKnownFileType = sourcecode.c.h; path = XYCommon.h; sourceTree = "<group>"; };
		89FB5EF21FE8EB19002AE67C /* XYCommon.m */ = {isa = PBXFileReference; fileEncoding = 4; lastKnownFileType = sourcecode.c.objc; path = XYCommon.m; sourceTree = "<group>"; };
		89FB5EF31FE8EB19002AE67C /* XYKitMacro.h */ = {isa = PBXFileReference; fileEncoding = 4; lastKnownFileType = sourcecode.c.h; path = XYKitMacro.h; sourceTree = "<group>"; };
		89FB5EF51FE8EB19002AE67C /* UIBarButtonItem+XYAdd.h */ = {isa = PBXFileReference; fileEncoding = 4; lastKnownFileType = sourcecode.c.h; path = "UIBarButtonItem+XYAdd.h"; sourceTree = "<group>"; };
		89FB5EF61FE8EB19002AE67C /* UIBarButtonItem+XYAdd.m */ = {isa = PBXFileReference; fileEncoding = 4; lastKnownFileType = sourcecode.c.objc; path = "UIBarButtonItem+XYAdd.m"; sourceTree = "<group>"; };
		89FB5EF71FE8EB19002AE67C /* UIImage+XYAdd.h */ = {isa = PBXFileReference; fileEncoding = 4; lastKnownFileType = sourcecode.c.h; path = "UIImage+XYAdd.h"; sourceTree = "<group>"; };
		89FB5EF81FE8EB19002AE67C /* UIImage+XYAdd.m */ = {isa = PBXFileReference; fileEncoding = 4; lastKnownFileType = sourcecode.c.objc; path = "UIImage+XYAdd.m"; sourceTree = "<group>"; };
		89FB5EF91FE8EB19002AE67C /* UITextField+XYAdd.h */ = {isa = PBXFileReference; fileEncoding = 4; lastKnownFileType = sourcecode.c.h; path = "UITextField+XYAdd.h"; sourceTree = "<group>"; };
		89FB5EFA1FE8EB19002AE67C /* UITextField+XYAdd.m */ = {isa = PBXFileReference; fileEncoding = 4; lastKnownFileType = sourcecode.c.objc; path = "UITextField+XYAdd.m"; sourceTree = "<group>"; };
		89FB5EFB1FE8EB19002AE67C /* UIView+XYAdd.h */ = {isa = PBXFileReference; fileEncoding = 4; lastKnownFileType = sourcecode.c.h; path = "UIView+XYAdd.h"; sourceTree = "<group>"; };
		89FB5EFC1FE8EB19002AE67C /* UIView+XYAdd.m */ = {isa = PBXFileReference; fileEncoding = 4; lastKnownFileType = sourcecode.c.objc; path = "UIView+XYAdd.m"; sourceTree = "<group>"; };
		89FB5EFD1FE8EB19002AE67C /* XYKit.h */ = {isa = PBXFileReference; fileEncoding = 4; lastKnownFileType = sourcecode.c.h; path = XYKit.h; sourceTree = "<group>"; };
		89FB5F031FE8EB64002AE67C /* Assets.xcassets */ = {isa = PBXFileReference; lastKnownFileType = folder.assetcatalog; path = Assets.xcassets; sourceTree = "<group>"; };
		B431CFC920EDB2CC008CD732 /* carIcon.png */ = {isa = PBXFileReference; lastKnownFileType = image.png; path = carIcon.png; sourceTree = "<group>"; };
		B431CFCB20EDBD80008CD732 /* XYToolBar.h */ = {isa = PBXFileReference; lastKnownFileType = sourcecode.c.h; path = XYToolBar.h; sourceTree = "<group>"; };
		B431CFCC20EDBD80008CD732 /* XYToolBar.m */ = {isa = PBXFileReference; lastKnownFileType = sourcecode.c.objc; path = XYToolBar.m; sourceTree = "<group>"; };
		B431CFCE20EE1E34008CD732 /* XYBankCardModel.h */ = {isa = PBXFileReference; lastKnownFileType = sourcecode.c.h; path = XYBankCardModel.h; sourceTree = "<group>"; };
		B431CFCF20EE1E34008CD732 /* XYBankCardModel.m */ = {isa = PBXFileReference; lastKnownFileType = sourcecode.c.objc; path = XYBankCardModel.m; sourceTree = "<group>"; };
		B431CFD220EE1FAA008CD732 /* XYBankCardCache.h */ = {isa = PBXFileReference; lastKnownFileType = sourcecode.c.h; path = XYBankCardCache.h; sourceTree = "<group>"; };
		B431CFD320EE1FAA008CD732 /* XYBankCardCache.m */ = {isa = PBXFileReference; lastKnownFileType = sourcecode.c.objc; path = XYBankCardCache.m; sourceTree = "<group>"; };
		B458EF8E2010434C00B3D0D3 /* FMDatabase.h */ = {isa = PBXFileReference; fileEncoding = 4; lastKnownFileType = sourcecode.c.h; path = FMDatabase.h; sourceTree = "<group>"; };
		B458EF8F2010434C00B3D0D3 /* FMDatabaseQueue.m */ = {isa = PBXFileReference; fileEncoding = 4; lastKnownFileType = sourcecode.c.objc; path = FMDatabaseQueue.m; sourceTree = "<group>"; };
		B458EF902010434C00B3D0D3 /* FMResultSet.h */ = {isa = PBXFileReference; fileEncoding = 4; lastKnownFileType = sourcecode.c.h; path = FMResultSet.h; sourceTree = "<group>"; };
		B458EF912010434C00B3D0D3 /* FMDatabasePool.h */ = {isa = PBXFileReference; fileEncoding = 4; lastKnownFileType = sourcecode.c.h; path = FMDatabasePool.h; sourceTree = "<group>"; };
		B458EF922010434C00B3D0D3 /* FMDatabaseAdditions.m */ = {isa = PBXFileReference; fileEncoding = 4; lastKnownFileType = sourcecode.c.objc; path = FMDatabaseAdditions.m; sourceTree = "<group>"; };
		B458EF932010434C00B3D0D3 /* FMDatabase.m */ = {isa = PBXFileReference; fileEncoding = 4; lastKnownFileType = sourcecode.c.objc; path = FMDatabase.m; sourceTree = "<group>"; };
		B458EF942010434C00B3D0D3 /* FMDatabaseQueue.h */ = {isa = PBXFileReference; fileEncoding = 4; lastKnownFileType = sourcecode.c.h; path = FMDatabaseQueue.h; sourceTree = "<group>"; };
		B458EF952010434C00B3D0D3 /* FMDB.h */ = {isa = PBXFileReference; fileEncoding = 4; lastKnownFileType = sourcecode.c.h; path = FMDB.h; sourceTree = "<group>"; };
		B458EF962010434C00B3D0D3 /* FMDatabaseAdditions.h */ = {isa = PBXFileReference; fileEncoding = 4; lastKnownFileType = sourcecode.c.h; path = FMDatabaseAdditions.h; sourceTree = "<group>"; };
		B458EF972010434C00B3D0D3 /* FMDatabasePool.m */ = {isa = PBXFileReference; fileEncoding = 4; lastKnownFileType = sourcecode.c.objc; path = FMDatabasePool.m; sourceTree = "<group>"; };
		B458EF982010434C00B3D0D3 /* FMResultSet.m */ = {isa = PBXFileReference; fileEncoding = 4; lastKnownFileType = sourcecode.c.objc; path = FMResultSet.m; sourceTree = "<group>"; };
		B458EF992010434C00B3D0D3 /* Info.plist */ = {isa = PBXFileReference; fileEncoding = 4; lastKnownFileType = text.plist.xml; path = Info.plist; sourceTree = "<group>"; };
		B458EFA0201043C400B3D0D3 /* XYContactsDBTool.h */ = {isa = PBXFileReference; lastKnownFileType = sourcecode.c.h; path = XYContactsDBTool.h; sourceTree = "<group>"; };
		B458EFA1201043C400B3D0D3 /* XYContactsDBTool.m */ = {isa = PBXFileReference; lastKnownFileType = sourcecode.c.objc; path = XYContactsDBTool.m; sourceTree = "<group>"; };
		B458EFA32010864000B3D0D3 /* XYContactsDetailController.h */ = {isa = PBXFileReference; lastKnownFileType = sourcecode.c.h; path = XYContactsDetailController.h; sourceTree = "<group>"; };
		B458EFA42010864000B3D0D3 /* XYContactsDetailController.m */ = {isa = PBXFileReference; lastKnownFileType = sourcecode.c.objc; path = XYContactsDetailController.m; sourceTree = "<group>"; };
		B458EFA52010864000B3D0D3 /* XYContactsDetailController.xib */ = {isa = PBXFileReference; lastKnownFileType = file.xib; path = XYContactsDetailController.xib; sourceTree = "<group>"; };
		B458EFA82010876300B3D0D3 /* XYContactDetailCell.h */ = {isa = PBXFileReference; lastKnownFileType = sourcecode.c.h; path = XYContactDetailCell.h; sourceTree = "<group>"; };
		B458EFA92010876300B3D0D3 /* XYContactDetailCell.m */ = {isa = PBXFileReference; lastKnownFileType = sourcecode.c.objc; path = XYContactDetailCell.m; sourceTree = "<group>"; };
		B458EFAA2010876300B3D0D3 /* XYContactDetailCell.xib */ = {isa = PBXFileReference; lastKnownFileType = file.xib; path = XYContactDetailCell.xib; sourceTree = "<group>"; };
		B45B18982011D04B00359427 /* XYAddNewContactController.h */ = {isa = PBXFileReference; fileEncoding = 4; lastKnownFileType = sourcecode.c.h; path = XYAddNewContactController.h; sourceTree = "<group>"; };
		B45B18992011D04B00359427 /* XYAddNewContactController.m */ = {isa = PBXFileReference; fileEncoding = 4; lastKnownFileType = sourcecode.c.objc; path = XYAddNewContactController.m; sourceTree = "<group>"; };
		B45B189D2011D92900359427 /* XYNewContactInfoCell.h */ = {isa = PBXFileReference; lastKnownFileType = sourcecode.c.h; path = XYNewContactInfoCell.h; sourceTree = "<group>"; };
		B45B189E2011D92900359427 /* XYNewContactInfoCell.m */ = {isa = PBXFileReference; lastKnownFileType = sourcecode.c.objc; path = XYNewContactInfoCell.m; sourceTree = "<group>"; };
		B45B189F2011D92900359427 /* XYNewContactInfoCell.xib */ = {isa = PBXFileReference; lastKnownFileType = file.xib; path = XYNewContactInfoCell.xib; sourceTree = "<group>"; };
		B45B18A22011EA2800359427 /* XYNewContactPhoneCell.h */ = {isa = PBXFileReference; lastKnownFileType = sourcecode.c.h; path = XYNewContactPhoneCell.h; sourceTree = "<group>"; };
		B45B18A32011EA2800359427 /* XYNewContactPhoneCell.m */ = {isa = PBXFileReference; lastKnownFileType = sourcecode.c.objc; path = XYNewContactPhoneCell.m; sourceTree = "<group>"; };
		B45B18A42011EA2800359427 /* XYNewContactPhoneCell.xib */ = {isa = PBXFileReference; lastKnownFileType = file.xib; path = XYNewContactPhoneCell.xib; sourceTree = "<group>"; };
		B45B18A72011EEE000359427 /* XYAddNewCell.h */ = {isa = PBXFileReference; lastKnownFileType = sourcecode.c.h; path = XYAddNewCell.h; sourceTree = "<group>"; };
		B45B18A82011EEE000359427 /* XYAddNewCell.m */ = {isa = PBXFileReference; lastKnownFileType = sourcecode.c.objc; path = XYAddNewCell.m; sourceTree = "<group>"; };
		B4614083201835D000BE5A24 /* MJMember.m */ = {isa = PBXFileReference; fileEncoding = 4; lastKnownFileType = sourcecode.c.objc; path = MJMember.m; sourceTree = "<group>"; };
		B4614084201835D000BE5A24 /* MJArgument.h */ = {isa = PBXFileReference; fileEncoding = 4; lastKnownFileType = sourcecode.c.h; path = MJArgument.h; sourceTree = "<group>"; };
		B4614085201835D000BE5A24 /* MJMethod.h */ = {isa = PBXFileReference; fileEncoding = 4; lastKnownFileType = sourcecode.c.h; path = MJMethod.h; sourceTree = "<group>"; };
		B4614086201835D000BE5A24 /* NSObject+MJKeyValue.m */ = {isa = PBXFileReference; fileEncoding = 4; lastKnownFileType = sourcecode.c.objc; path = "NSObject+MJKeyValue.m"; sourceTree = "<group>"; };
		B4614087201835D000BE5A24 /* MJIvar.m */ = {isa = PBXFileReference; fileEncoding = 4; lastKnownFileType = sourcecode.c.objc; path = MJIvar.m; sourceTree = "<group>"; };
		B4614088201835D000BE5A24 /* NSObject+MJMember.h */ = {isa = PBXFileReference; fileEncoding = 4; lastKnownFileType = sourcecode.c.h; path = "NSObject+MJMember.h"; sourceTree = "<group>"; };
		B4614089201835D000BE5A24 /* MJType.m */ = {isa = PBXFileReference; fileEncoding = 4; lastKnownFileType = sourcecode.c.objc; path = MJType.m; sourceTree = "<group>"; };
		B461408A201835D000BE5A24 /* MJTypeEncoding.m */ = {isa = PBXFileReference; fileEncoding = 4; lastKnownFileType = sourcecode.c.objc; path = MJTypeEncoding.m; sourceTree = "<group>"; };
		B461408B201835D000BE5A24 /* NSObject+MJCoding.m */ = {isa = PBXFileReference; fileEncoding = 4; lastKnownFileType = sourcecode.c.objc; path = "NSObject+MJCoding.m"; sourceTree = "<group>"; };
		B461408C201835D000BE5A24 /* MJExtension.h */ = {isa = PBXFileReference; fileEncoding = 4; lastKnownFileType = sourcecode.c.h; path = MJExtension.h; sourceTree = "<group>"; };
		B461408D201835D000BE5A24 /* MJMember.h */ = {isa = PBXFileReference; fileEncoding = 4; lastKnownFileType = sourcecode.c.h; path = MJMember.h; sourceTree = "<group>"; };
		B461408E201835D000BE5A24 /* MJMethod.m */ = {isa = PBXFileReference; fileEncoding = 4; lastKnownFileType = sourcecode.c.objc; path = MJMethod.m; sourceTree = "<group>"; };
		B461408F201835D000BE5A24 /* MJArgument.m */ = {isa = PBXFileReference; fileEncoding = 4; lastKnownFileType = sourcecode.c.objc; path = MJArgument.m; sourceTree = "<group>"; };
		B4614090201835D000BE5A24 /* MJIvar.h */ = {isa = PBXFileReference; fileEncoding = 4; lastKnownFileType = sourcecode.c.h; path = MJIvar.h; sourceTree = "<group>"; };
		B4614091201835D000BE5A24 /* NSObject+MJKeyValue.h */ = {isa = PBXFileReference; fileEncoding = 4; lastKnownFileType = sourcecode.c.h; path = "NSObject+MJKeyValue.h"; sourceTree = "<group>"; };
		B4614092201835D000BE5A24 /* NSObject+MJCoding.h */ = {isa = PBXFileReference; fileEncoding = 4; lastKnownFileType = sourcecode.c.h; path = "NSObject+MJCoding.h"; sourceTree = "<group>"; };
		B4614093201835D000BE5A24 /* MJTypeEncoding.h */ = {isa = PBXFileReference; fileEncoding = 4; lastKnownFileType = sourcecode.c.h; path = MJTypeEncoding.h; sourceTree = "<group>"; };
		B4614094201835D000BE5A24 /* MJType.h */ = {isa = PBXFileReference; fileEncoding = 4; lastKnownFileType = sourcecode.c.h; path = MJType.h; sourceTree = "<group>"; };
		B4614095201835D000BE5A24 /* NSObject+MJMember.m */ = {isa = PBXFileReference; fileEncoding = 4; lastKnownFileType = sourcecode.c.objc; path = "NSObject+MJMember.m"; sourceTree = "<group>"; };
		B4990F09200EEAFA009F3BB0 /* XYContacts.h */ = {isa = PBXFileReference; lastKnownFileType = sourcecode.c.h; path = XYContacts.h; sourceTree = "<group>"; };
		B4990F0A200EEAFA009F3BB0 /* XYContacts.m */ = {isa = PBXFileReference; lastKnownFileType = sourcecode.c.objc; path = XYContacts.m; sourceTree = "<group>"; };
		B4ABDE4420ED1B1B00E74941 /* XYBankCardBgViewController.h */ = {isa = PBXFileReference; lastKnownFileType = sourcecode.c.h; path = XYBankCardBgViewController.h; sourceTree = "<group>"; };
		B4ABDE4520ED1B1B00E74941 /* XYBankCardBgViewController.m */ = {isa = PBXFileReference; lastKnownFileType = sourcecode.c.objc; path = XYBankCardBgViewController.m; sourceTree = "<group>"; };
		B4ABDE4820ED2BED00E74941 /* MASCompositeConstraint.h */ = {isa = PBXFileReference; fileEncoding = 4; lastKnownFileType = sourcecode.c.h; path = MASCompositeConstraint.h; sourceTree = "<group>"; };
		B4ABDE4920ED2BED00E74941 /* NSLayoutConstraint+MASDebugAdditions.m */ = {isa = PBXFileReference; fileEncoding = 4; lastKnownFileType = sourcecode.c.objc; path = "NSLayoutConstraint+MASDebugAdditions.m"; sourceTree = "<group>"; };
		B4ABDE4A20ED2BED00E74941 /* MASConstraint+Private.h */ = {isa = PBXFileReference; fileEncoding = 4; lastKnownFileType = sourcecode.c.h; path = "MASConstraint+Private.h"; sourceTree = "<group>"; };
		B4ABDE4B20ED2BED00E74941 /* MASLayoutConstraint.h */ = {isa = PBXFileReference; fileEncoding = 4; lastKnownFileType = sourcecode.c.h; path = MASLayoutConstraint.h; sourceTree = "<group>"; };
		B4ABDE4C20ED2BED00E74941 /* NSArray+MASShorthandAdditions.h */ = {isa = PBXFileReference; fileEncoding = 4; lastKnownFileType = sourcecode.c.h; path = "NSArray+MASShorthandAdditions.h"; sourceTree = "<group>"; };
		B4ABDE4D20ED2BED00E74941 /* MASConstraintMaker.h */ = {isa = PBXFileReference; fileEncoding = 4; lastKnownFileType = sourcecode.c.h; path = MASConstraintMaker.h; sourceTree = "<group>"; };
		B4ABDE4E20ED2BED00E74941 /* View+MASAdditions.h */ = {isa = PBXFileReference; fileEncoding = 4; lastKnownFileType = sourcecode.c.h; path = "View+MASAdditions.h"; sourceTree = "<group>"; };
		B4ABDE4F20ED2BED00E74941 /* NSArray+MASAdditions.h */ = {isa = PBXFileReference; fileEncoding = 4; lastKnownFileType = sourcecode.c.h; path = "NSArray+MASAdditions.h"; sourceTree = "<group>"; };
		B4ABDE5020ED2BED00E74941 /* MASUtilities.h */ = {isa = PBXFileReference; fileEncoding = 4; lastKnownFileType = sourcecode.c.h; path = MASUtilities.h; sourceTree = "<group>"; };
		B4ABDE5120ED2BED00E74941 /* MASViewAttribute.h */ = {isa = PBXFileReference; fileEncoding = 4; lastKnownFileType = sourcecode.c.h; path = MASViewAttribute.h; sourceTree = "<group>"; };
		B4ABDE5220ED2BED00E74941 /* ViewController+MASAdditions.m */ = {isa = PBXFileReference; fileEncoding = 4; lastKnownFileType = sourcecode.c.objc; path = "ViewController+MASAdditions.m"; sourceTree = "<group>"; };
		B4ABDE5320ED2BED00E74941 /* MASViewConstraint.h */ = {isa = PBXFileReference; fileEncoding = 4; lastKnownFileType = sourcecode.c.h; path = MASViewConstraint.h; sourceTree = "<group>"; };
		B4ABDE5420ED2BED00E74941 /* MASConstraint.h */ = {isa = PBXFileReference; fileEncoding = 4; lastKnownFileType = sourcecode.c.h; path = MASConstraint.h; sourceTree = "<group>"; };
		B4ABDE5520ED2BED00E74941 /* NSLayoutConstraint+MASDebugAdditions.h */ = {isa = PBXFileReference; fileEncoding = 4; lastKnownFileType = sourcecode.c.h; path = "NSLayoutConstraint+MASDebugAdditions.h"; sourceTree = "<group>"; };
		B4ABDE5620ED2BED00E74941 /* MASCompositeConstraint.m */ = {isa = PBXFileReference; fileEncoding = 4; lastKnownFileType = sourcecode.c.objc; path = MASCompositeConstraint.m; sourceTree = "<group>"; };
		B4ABDE5720ED2BED00E74941 /* MASConstraintMaker.m */ = {isa = PBXFileReference; fileEncoding = 4; lastKnownFileType = sourcecode.c.objc; path = MASConstraintMaker.m; sourceTree = "<group>"; };
		B4ABDE5820ED2BED00E74941 /* MASLayoutConstraint.m */ = {isa = PBXFileReference; fileEncoding = 4; lastKnownFileType = sourcecode.c.objc; path = MASLayoutConstraint.m; sourceTree = "<group>"; };
		B4ABDE5920ED2BED00E74941 /* NSArray+MASAdditions.m */ = {isa = PBXFileReference; fileEncoding = 4; lastKnownFileType = sourcecode.c.objc; path = "NSArray+MASAdditions.m"; sourceTree = "<group>"; };
		B4ABDE5A20ED2BED00E74941 /* View+MASAdditions.m */ = {isa = PBXFileReference; fileEncoding = 4; lastKnownFileType = sourcecode.c.objc; path = "View+MASAdditions.m"; sourceTree = "<group>"; };
		B4ABDE5B20ED2BED00E74941 /* View+MASShorthandAdditions.h */ = {isa = PBXFileReference; fileEncoding = 4; lastKnownFileType = sourcecode.c.h; path = "View+MASShorthandAdditions.h"; sourceTree = "<group>"; };
		B4ABDE5C20ED2BED00E74941 /* Masonry.h */ = {isa = PBXFileReference; fileEncoding = 4; lastKnownFileType = sourcecode.c.h; path = Masonry.h; sourceTree = "<group>"; };
		B4ABDE5D20ED2BED00E74941 /* MASConstraint.m */ = {isa = PBXFileReference; fileEncoding = 4; lastKnownFileType = sourcecode.c.objc; path = MASConstraint.m; sourceTree = "<group>"; };
		B4ABDE5E20ED2BED00E74941 /* ViewController+MASAdditions.h */ = {isa = PBXFileReference; fileEncoding = 4; lastKnownFileType = sourcecode.c.h; path = "ViewController+MASAdditions.h"; sourceTree = "<group>"; };
		B4ABDE5F20ED2BED00E74941 /* MASViewConstraint.m */ = {isa = PBXFileReference; fileEncoding = 4; lastKnownFileType = sourcecode.c.objc; path = MASViewConstraint.m; sourceTree = "<group>"; };
		B4ABDE6020ED2BED00E74941 /* MASViewAttribute.m */ = {isa = PBXFileReference; fileEncoding = 4; lastKnownFileType = sourcecode.c.objc; path = MASViewAttribute.m; sourceTree = "<group>"; };
		B4C7C67720EE80E00078BEEB /* XYAddCategoryController.h */ = {isa = PBXFileReference; lastKnownFileType = sourcecode.c.h; path = XYAddCategoryController.h; sourceTree = "<group>"; };
		B4C7C67820EE80E00078BEEB /* XYAddCategoryController.m */ = {isa = PBXFileReference; lastKnownFileType = sourcecode.c.objc; path = XYAddCategoryController.m; sourceTree = "<group>"; };
/* End PBXFileReference section */

/* Begin PBXFrameworksBuildPhase section */
		89FAF2601FD1060B008C9655 /* Frameworks */ = {
			isa = PBXFrameworksBuildPhase;
			buildActionMask = 2147483647;
			files = (
			);
			runOnlyForDeploymentPostprocessing = 0;
		};
		89FAF2791FD1060C008C9655 /* Frameworks */ = {
			isa = PBXFrameworksBuildPhase;
			buildActionMask = 2147483647;
			files = (
			);
			runOnlyForDeploymentPostprocessing = 0;
		};
		89FAF2841FD1060C008C9655 /* Frameworks */ = {
			isa = PBXFrameworksBuildPhase;
			buildActionMask = 2147483647;
			files = (
			);
			runOnlyForDeploymentPostprocessing = 0;
		};
		89FAF29A1FD14FCB008C9655 /* Frameworks */ = {
			isa = PBXFrameworksBuildPhase;
			buildActionMask = 2147483647;
			files = (
			);
			runOnlyForDeploymentPostprocessing = 0;
		};
/* End PBXFrameworksBuildPhase section */

/* Begin PBXGroup section */
		89FAF25A1FD1060B008C9655 = {
			isa = PBXGroup;
			children = (
				89FAF2651FD1060C008C9655 /* XYCardbag */,
				89FB5EAD1FE7C2E9002AE67C /* Info.plist */,
				89FAF27F1FD1060C008C9655 /* XYCardbagTests */,
				89FAF28A1FD1060C008C9655 /* XYCardbagUITests */,
				89FAF2641FD1060C008C9655 /* Products */,
			);
			sourceTree = "<group>";
		};
		89FAF2641FD1060C008C9655 /* Products */ = {
			isa = PBXGroup;
			children = (
				89FAF2631FD1060C008C9655 /* XYCardbag.app */,
				89FAF27C1FD1060C008C9655 /* XYCardbagTests.xctest */,
				89FAF2871FD1060C008C9655 /* XYCardbagUITests.xctest */,
				89FAF29D1FD14FCB008C9655 /* libnen.a */,
			);
			name = Products;
			sourceTree = "<group>";
		};
		89FAF2651FD1060C008C9655 /* XYCardbag */ = {
			isa = PBXGroup;
			children = (
				89FB5E981FE7C2B7002AE67C /* Classes */,
				89FB5E991FE7C2B7002AE67C /* Other */,
				89FB5E9A1FE7C2B7002AE67C /* SupportFiles */,
			);
			path = XYCardbag;
			sourceTree = "<group>";
		};
		89FAF27F1FD1060C008C9655 /* XYCardbagTests */ = {
			isa = PBXGroup;
			children = (
				89FAF2801FD1060C008C9655 /* XYCardbagTests.m */,
				89FAF2821FD1060C008C9655 /* Info.plist */,
			);
			path = XYCardbagTests;
			sourceTree = "<group>";
		};
		89FAF28A1FD1060C008C9655 /* XYCardbagUITests */ = {
			isa = PBXGroup;
			children = (
				89FAF28B1FD1060C008C9655 /* XYCardbagUITests.m */,
				89FAF28D1FD1060C008C9655 /* Info.plist */,
			);
			path = XYCardbagUITests;
			sourceTree = "<group>";
		};
		89FB5E981FE7C2B7002AE67C /* Classes */ = {
			isa = PBXGroup;
			children = (
				89FB5EAF1FE7C339002AE67C /* Main */,
				89FB5EBB1FE7C76C002AE67C /* Contacts */,
				89FB5EC31FE7C76C002AE67C /* NetAccount */,
				89FB5EBF1FE7C76C002AE67C /* Identities */,
				89FB5EB71FE7C76C002AE67C /* BankCard */,
			);
			path = Classes;
			sourceTree = "<group>";
		};
		89FB5E991FE7C2B7002AE67C /* Other */ = {
			isa = PBXGroup;
			children = (
				B458EF8C2010434C00B3D0D3 /* Venders */,
				89FB5EEF1FE8EB19002AE67C /* XYKit */,
			);
			path = Other;
			sourceTree = "<group>";
		};
		89FB5E9A1FE7C2B7002AE67C /* SupportFiles */ = {
			isa = PBXGroup;
			children = (
				89FB5E9B1FE7C2B7002AE67C /* AppDelegate.h */,
				89FB5E9C1FE7C2B7002AE67C /* AppDelegate.m */,
				89FB5E9E1FE7C2B7002AE67C /* LaunchScreen.storyboard */,
				89FB5EA01FE7C2B7002AE67C /* Main.storyboard */,
				89FB5F031FE8EB64002AE67C /* Assets.xcassets */,
				89FB5EA31FE7C2B7002AE67C /* main.m */,
				89FB5EA41FE7C2B7002AE67C /* ViewController.h */,
				89FB5EA51FE7C2B7002AE67C /* ViewController.m */,
				89FB5EEB1FE8BAF1002AE67C /* XYCardbag.pch */,
			);
			path = SupportFiles;
			sourceTree = "<group>";
		};
		89FB5EAF1FE7C339002AE67C /* Main */ = {
			isa = PBXGroup;
			children = (
				89FB5EDB1FE7C8E6002AE67C /* Controller */,
				89FB5EDE1FE7C8E6002AE67C /* View */,
			);
			path = Main;
			sourceTree = "<group>";
		};
		89FB5EB71FE7C76C002AE67C /* BankCard */ = {
			isa = PBXGroup;
			children = (
				B431CFD120EE1F88008CD732 /* Tool */,
				B431CFC920EDB2CC008CD732 /* carIcon.png */,
				89FB5EB81FE7C76C002AE67C /* Controller */,
				89FB5EB91FE7C76C002AE67C /* Model */,
				89FB5EBA1FE7C76C002AE67C /* View */,
			);
			path = BankCard;
			sourceTree = "<group>";
		};
		89FB5EB81FE7C76C002AE67C /* Controller */ = {
			isa = PBXGroup;
			children = (
				89FB5ED01FE7C870002AE67C /* XYBankCardController.h */,
				89FB5ED11FE7C870002AE67C /* XYBankCardController.m */,
				B4ABDE4420ED1B1B00E74941 /* XYBankCardBgViewController.h */,
				B4ABDE4520ED1B1B00E74941 /* XYBankCardBgViewController.m */,
				B4C7C67720EE80E00078BEEB /* XYAddCategoryController.h */,
				B4C7C67820EE80E00078BEEB /* XYAddCategoryController.m */,
			);
			path = Controller;
			sourceTree = "<group>";
		};
		89FB5EB91FE7C76C002AE67C /* Model */ = {
			isa = PBXGroup;
			children = (
				B431CFCE20EE1E34008CD732 /* XYBankCardModel.h */,
				B431CFCF20EE1E34008CD732 /* XYBankCardModel.m */,
			);
			path = Model;
			sourceTree = "<group>";
		};
		89FB5EBA1FE7C76C002AE67C /* View */ = {
			isa = PBXGroup;
			children = (
				B431CFCB20EDBD80008CD732 /* XYToolBar.h */,
				B431CFCC20EDBD80008CD732 /* XYToolBar.m */,
			);
			path = View;
			sourceTree = "<group>";
		};
		89FB5EBB1FE7C76C002AE67C /* Contacts */ = {
			isa = PBXGroup;
			children = (
				89FB5EBC1FE7C76C002AE67C /* Controller */,
				89FB5EBD1FE7C76C002AE67C /* Model */,
				89FB5EBE1FE7C76C002AE67C /* View */,
			);
			path = Contacts;
			sourceTree = "<group>";
		};
		89FB5EBC1FE7C76C002AE67C /* Controller */ = {
			isa = PBXGroup;
			children = (
				B45B18962011D04B00359427 /* NewContact */,
				89FB5ED31FE7C87A002AE67C /* XYContactsListController.h */,
				89FB5ED41FE7C87A002AE67C /* XYContactsListController.m */,
				B458EFA32010864000B3D0D3 /* XYContactsDetailController.h */,
				B458EFA42010864000B3D0D3 /* XYContactsDetailController.m */,
				B458EFA52010864000B3D0D3 /* XYContactsDetailController.xib */,
			);
			path = Controller;
			sourceTree = "<group>";
		};
		89FB5EBD1FE7C76C002AE67C /* Model */ = {
			isa = PBXGroup;
			children = (
				B4990F09200EEAFA009F3BB0 /* XYContacts.h */,
				B4990F0A200EEAFA009F3BB0 /* XYContacts.m */,
				B458EFA0201043C400B3D0D3 /* XYContactsDBTool.h */,
				B458EFA1201043C400B3D0D3 /* XYContactsDBTool.m */,
			);
			path = Model;
			sourceTree = "<group>";
		};
		89FB5EBE1FE7C76C002AE67C /* View */ = {
			isa = PBXGroup;
			children = (
				B458EFA82010876300B3D0D3 /* XYContactDetailCell.h */,
				B458EFA92010876300B3D0D3 /* XYContactDetailCell.m */,
				B458EFAA2010876300B3D0D3 /* XYContactDetailCell.xib */,
			);
			path = View;
			sourceTree = "<group>";
		};
		89FB5EBF1FE7C76C002AE67C /* Identities */ = {
			isa = PBXGroup;
			children = (
				89FB5EC01FE7C76C002AE67C /* Controller */,
				89FB5EC11FE7C76C002AE67C /* Model */,
				89FB5EC21FE7C76C002AE67C /* View */,
			);
			path = Identities;
			sourceTree = "<group>";
		};
		89FB5EC01FE7C76C002AE67C /* Controller */ = {
			isa = PBXGroup;
			children = (
				89FB5ECD1FE7C85D002AE67C /* XYIdentitiesController.h */,
				89FB5ECE1FE7C85D002AE67C /* XYIdentitiesController.m */,
			);
			path = Controller;
			sourceTree = "<group>";
		};
		89FB5EC11FE7C76C002AE67C /* Model */ = {
			isa = PBXGroup;
			children = (
			);
			path = Model;
			sourceTree = "<group>";
		};
		89FB5EC21FE7C76C002AE67C /* View */ = {
			isa = PBXGroup;
			children = (
			);
			path = View;
			sourceTree = "<group>";
		};
		89FB5EC31FE7C76C002AE67C /* NetAccount */ = {
			isa = PBXGroup;
			children = (
				89FB5EC41FE7C76C002AE67C /* Controller */,
				89FB5EC51FE7C76C002AE67C /* Model */,
				89FB5EC61FE7C76C002AE67C /* View */,
			);
			path = NetAccount;
			sourceTree = "<group>";
		};
		89FB5EC41FE7C76C002AE67C /* Controller */ = {
			isa = PBXGroup;
			children = (
				89FB5ECA1FE7C840002AE67C /* XYNetAccountController.h */,
				89FB5ECB1FE7C840002AE67C /* XYNetAccountController.m */,
			);
			path = Controller;
			sourceTree = "<group>";
		};
		89FB5EC51FE7C76C002AE67C /* Model */ = {
			isa = PBXGroup;
			children = (
			);
			path = Model;
			sourceTree = "<group>";
		};
		89FB5EC61FE7C76C002AE67C /* View */ = {
			isa = PBXGroup;
			children = (
			);
			path = View;
			sourceTree = "<group>";
		};
		89FB5EDB1FE7C8E6002AE67C /* Controller */ = {
			isa = PBXGroup;
			children = (
				89FB5EDC1FE7C8E6002AE67C /* XYTabBarController.h */,
				89FB5EDD1FE7C8E6002AE67C /* XYTabBarController.m */,
				89FB5EEC1FE8CF9E002AE67C /* XYNavigationController.h */,
				89FB5EED1FE8CF9E002AE67C /* XYNavigationController.m */,
			);
			path = Controller;
			sourceTree = "<group>";
		};
		89FB5EDE1FE7C8E6002AE67C /* View */ = {
			isa = PBXGroup;
			children = (
				89FB5EE01FE7C908002AE67C /* XYTabBar.h */,
				89FB5EE11FE7C908002AE67C /* XYTabBar.m */,
			);
			path = View;
			sourceTree = "<group>";
		};
		89FB5EEF1FE8EB19002AE67C /* XYKit */ = {
			isa = PBXGroup;
			children = (
				89FB5EF01FE8EB19002AE67C /* Base */,
				89FB5EF41FE8EB19002AE67C /* UIKit */,
				89FB5EFD1FE8EB19002AE67C /* XYKit.h */,
			);
			path = XYKit;
			sourceTree = "<group>";
		};
		89FB5EF01FE8EB19002AE67C /* Base */ = {
			isa = PBXGroup;
			children = (
				89FB5EF11FE8EB19002AE67C /* XYCommon.h */,
				89FB5EF21FE8EB19002AE67C /* XYCommon.m */,
				89FB5EF31FE8EB19002AE67C /* XYKitMacro.h */,
			);
			path = Base;
			sourceTree = "<group>";
		};
		89FB5EF41FE8EB19002AE67C /* UIKit */ = {
			isa = PBXGroup;
			children = (
				89FB5EF51FE8EB19002AE67C /* UIBarButtonItem+XYAdd.h */,
				89FB5EF61FE8EB19002AE67C /* UIBarButtonItem+XYAdd.m */,
				89FB5EF71FE8EB19002AE67C /* UIImage+XYAdd.h */,
				89FB5EF81FE8EB19002AE67C /* UIImage+XYAdd.m */,
				89FB5EF91FE8EB19002AE67C /* UITextField+XYAdd.h */,
				89FB5EFA1FE8EB19002AE67C /* UITextField+XYAdd.m */,
				89FB5EFB1FE8EB19002AE67C /* UIView+XYAdd.h */,
				89FB5EFC1FE8EB19002AE67C /* UIView+XYAdd.m */,
			);
			path = UIKit;
			sourceTree = "<group>";
		};
		B431CFD120EE1F88008CD732 /* Tool */ = {
			isa = PBXGroup;
			children = (
				B431CFD220EE1FAA008CD732 /* XYBankCardCache.h */,
				B431CFD320EE1FAA008CD732 /* XYBankCardCache.m */,
			);
			path = Tool;
			sourceTree = "<group>";
		};
		B458EF8C2010434C00B3D0D3 /* Venders */ = {
			isa = PBXGroup;
			children = (
				B4ABDE4720ED2BED00E74941 /* Masonry */,
				B4614082201835D000BE5A24 /* MJExtension */,
				B458EF8D2010434C00B3D0D3 /* fmdb */,
			);
			path = Venders;
			sourceTree = "<group>";
		};
		B458EF8D2010434C00B3D0D3 /* fmdb */ = {
			isa = PBXGroup;
			children = (
				B458EF8E2010434C00B3D0D3 /* FMDatabase.h */,
				B458EF8F2010434C00B3D0D3 /* FMDatabaseQueue.m */,
				B458EF902010434C00B3D0D3 /* FMResultSet.h */,
				B458EF912010434C00B3D0D3 /* FMDatabasePool.h */,
				B458EF922010434C00B3D0D3 /* FMDatabaseAdditions.m */,
				B458EF932010434C00B3D0D3 /* FMDatabase.m */,
				B458EF942010434C00B3D0D3 /* FMDatabaseQueue.h */,
				B458EF952010434C00B3D0D3 /* FMDB.h */,
				B458EF962010434C00B3D0D3 /* FMDatabaseAdditions.h */,
				B458EF972010434C00B3D0D3 /* FMDatabasePool.m */,
				B458EF982010434C00B3D0D3 /* FMResultSet.m */,
				B458EF992010434C00B3D0D3 /* Info.plist */,
			);
			path = fmdb;
			sourceTree = "<group>";
		};
		B45B18962011D04B00359427 /* NewContact */ = {
			isa = PBXGroup;
			children = (
				B45B18972011D04B00359427 /* Controller */,
				B45B189A2011D04B00359427 /* Model */,
				B45B189B2011D04B00359427 /* View */,
			);
			path = NewContact;
			sourceTree = "<group>";
		};
		B45B18972011D04B00359427 /* Controller */ = {
			isa = PBXGroup;
			children = (
				B45B18982011D04B00359427 /* XYAddNewContactController.h */,
				B45B18992011D04B00359427 /* XYAddNewContactController.m */,
			);
			path = Controller;
			sourceTree = "<group>";
		};
		B45B189A2011D04B00359427 /* Model */ = {
			isa = PBXGroup;
			children = (
			);
			path = Model;
			sourceTree = "<group>";
		};
		B45B189B2011D04B00359427 /* View */ = {
			isa = PBXGroup;
			children = (
				B45B189D2011D92900359427 /* XYNewContactInfoCell.h */,
				B45B189E2011D92900359427 /* XYNewContactInfoCell.m */,
				B45B189F2011D92900359427 /* XYNewContactInfoCell.xib */,
				B45B18A22011EA2800359427 /* XYNewContactPhoneCell.h */,
				B45B18A32011EA2800359427 /* XYNewContactPhoneCell.m */,
				B45B18A42011EA2800359427 /* XYNewContactPhoneCell.xib */,
				B45B18A72011EEE000359427 /* XYAddNewCell.h */,
				B45B18A82011EEE000359427 /* XYAddNewCell.m */,
			);
			path = View;
			sourceTree = "<group>";
		};
		B4614082201835D000BE5A24 /* MJExtension */ = {
			isa = PBXGroup;
			children = (
				B4614083201835D000BE5A24 /* MJMember.m */,
				B4614084201835D000BE5A24 /* MJArgument.h */,
				B4614085201835D000BE5A24 /* MJMethod.h */,
				B4614086201835D000BE5A24 /* NSObject+MJKeyValue.m */,
				B4614087201835D000BE5A24 /* MJIvar.m */,
				B4614088201835D000BE5A24 /* NSObject+MJMember.h */,
				B4614089201835D000BE5A24 /* MJType.m */,
				B461408A201835D000BE5A24 /* MJTypeEncoding.m */,
				B461408B201835D000BE5A24 /* NSObject+MJCoding.m */,
				B461408C201835D000BE5A24 /* MJExtension.h */,
				B461408D201835D000BE5A24 /* MJMember.h */,
				B461408E201835D000BE5A24 /* MJMethod.m */,
				B461408F201835D000BE5A24 /* MJArgument.m */,
				B4614090201835D000BE5A24 /* MJIvar.h */,
				B4614091201835D000BE5A24 /* NSObject+MJKeyValue.h */,
				B4614092201835D000BE5A24 /* NSObject+MJCoding.h */,
				B4614093201835D000BE5A24 /* MJTypeEncoding.h */,
				B4614094201835D000BE5A24 /* MJType.h */,
				B4614095201835D000BE5A24 /* NSObject+MJMember.m */,
			);
			path = MJExtension;
			sourceTree = "<group>";
		};
		B4ABDE4720ED2BED00E74941 /* Masonry */ = {
			isa = PBXGroup;
			children = (
				B4ABDE4820ED2BED00E74941 /* MASCompositeConstraint.h */,
				B4ABDE4920ED2BED00E74941 /* NSLayoutConstraint+MASDebugAdditions.m */,
				B4ABDE4A20ED2BED00E74941 /* MASConstraint+Private.h */,
				B4ABDE4B20ED2BED00E74941 /* MASLayoutConstraint.h */,
				B4ABDE4C20ED2BED00E74941 /* NSArray+MASShorthandAdditions.h */,
				B4ABDE4D20ED2BED00E74941 /* MASConstraintMaker.h */,
				B4ABDE4E20ED2BED00E74941 /* View+MASAdditions.h */,
				B4ABDE4F20ED2BED00E74941 /* NSArray+MASAdditions.h */,
				B4ABDE5020ED2BED00E74941 /* MASUtilities.h */,
				B4ABDE5120ED2BED00E74941 /* MASViewAttribute.h */,
				B4ABDE5220ED2BED00E74941 /* ViewController+MASAdditions.m */,
				B4ABDE5320ED2BED00E74941 /* MASViewConstraint.h */,
				B4ABDE5420ED2BED00E74941 /* MASConstraint.h */,
				B4ABDE5520ED2BED00E74941 /* NSLayoutConstraint+MASDebugAdditions.h */,
				B4ABDE5620ED2BED00E74941 /* MASCompositeConstraint.m */,
				B4ABDE5720ED2BED00E74941 /* MASConstraintMaker.m */,
				B4ABDE5820ED2BED00E74941 /* MASLayoutConstraint.m */,
				B4ABDE5920ED2BED00E74941 /* NSArray+MASAdditions.m */,
				B4ABDE5A20ED2BED00E74941 /* View+MASAdditions.m */,
				B4ABDE5B20ED2BED00E74941 /* View+MASShorthandAdditions.h */,
				B4ABDE5C20ED2BED00E74941 /* Masonry.h */,
				B4ABDE5D20ED2BED00E74941 /* MASConstraint.m */,
				B4ABDE5E20ED2BED00E74941 /* ViewController+MASAdditions.h */,
				B4ABDE5F20ED2BED00E74941 /* MASViewConstraint.m */,
				B4ABDE6020ED2BED00E74941 /* MASViewAttribute.m */,
			);
			path = Masonry;
			sourceTree = "<group>";
		};
/* End PBXGroup section */

/* Begin PBXNativeTarget section */
		89FAF2621FD1060B008C9655 /* XYCardbag */ = {
			isa = PBXNativeTarget;
			buildConfigurationList = 89FAF2901FD1060C008C9655 /* Build configuration list for PBXNativeTarget "XYCardbag" */;
			buildPhases = (
				89FAF25F1FD1060B008C9655 /* Sources */,
				89FAF2601FD1060B008C9655 /* Frameworks */,
				89FAF2611FD1060B008C9655 /* Resources */,
			);
			buildRules = (
			);
			dependencies = (
			);
			name = XYCardbag;
			productName = XYCardbag;
			productReference = 89FAF2631FD1060C008C9655 /* XYCardbag.app */;
			productType = "com.apple.product-type.application";
		};
		89FAF27B1FD1060C008C9655 /* XYCardbagTests */ = {
			isa = PBXNativeTarget;
			buildConfigurationList = 89FAF2931FD1060C008C9655 /* Build configuration list for PBXNativeTarget "XYCardbagTests" */;
			buildPhases = (
				89FAF2781FD1060C008C9655 /* Sources */,
				89FAF2791FD1060C008C9655 /* Frameworks */,
				89FAF27A1FD1060C008C9655 /* Resources */,
			);
			buildRules = (
			);
			dependencies = (
				89FAF27E1FD1060C008C9655 /* PBXTargetDependency */,
			);
			name = XYCardbagTests;
			productName = XYCardbagTests;
			productReference = 89FAF27C1FD1060C008C9655 /* XYCardbagTests.xctest */;
			productType = "com.apple.product-type.bundle.unit-test";
		};
		89FAF2861FD1060C008C9655 /* XYCardbagUITests */ = {
			isa = PBXNativeTarget;
			buildConfigurationList = 89FAF2961FD1060C008C9655 /* Build configuration list for PBXNativeTarget "XYCardbagUITests" */;
			buildPhases = (
				89FAF2831FD1060C008C9655 /* Sources */,
				89FAF2841FD1060C008C9655 /* Frameworks */,
				89FAF2851FD1060C008C9655 /* Resources */,
			);
			buildRules = (
			);
			dependencies = (
				89FAF2891FD1060C008C9655 /* PBXTargetDependency */,
			);
			name = XYCardbagUITests;
			productName = XYCardbagUITests;
			productReference = 89FAF2871FD1060C008C9655 /* XYCardbagUITests.xctest */;
			productType = "com.apple.product-type.bundle.ui-testing";
		};
		89FAF29C1FD14FCB008C9655 /* nen */ = {
			isa = PBXNativeTarget;
			buildConfigurationList = 89FAF2A31FD14FCB008C9655 /* Build configuration list for PBXNativeTarget "nen" */;
			buildPhases = (
				89FAF2991FD14FCB008C9655 /* Sources */,
				89FAF29A1FD14FCB008C9655 /* Frameworks */,
				89FAF29B1FD14FCB008C9655 /* CopyFiles */,
			);
			buildRules = (
			);
			dependencies = (
			);
			name = nen;
			productName = nen;
			productReference = 89FAF29D1FD14FCB008C9655 /* libnen.a */;
			productType = "com.apple.product-type.library.static";
		};
/* End PBXNativeTarget section */

/* Begin PBXProject section */
		89FAF25B1FD1060B008C9655 /* Project object */ = {
			isa = PBXProject;
			attributes = {
				CLASSPREFIX = XY;
				LastUpgradeCheck = 0830;
				ORGANIZATIONNAME = xiaoyou;
				TargetAttributes = {
					89FAF2621FD1060B008C9655 = {
						CreatedOnToolsVersion = 8.3.1;
						DevelopmentTeam = SLUU2646N5;
						ProvisioningStyle = Automatic;
					};
					89FAF27B1FD1060C008C9655 = {
						CreatedOnToolsVersion = 8.3.1;
						ProvisioningStyle = Automatic;
						TestTargetID = 89FAF2621FD1060B008C9655;
					};
					89FAF2861FD1060C008C9655 = {
						CreatedOnToolsVersion = 8.3.1;
						ProvisioningStyle = Automatic;
						TestTargetID = 89FAF2621FD1060B008C9655;
					};
					89FAF29C1FD14FCB008C9655 = {
						CreatedOnToolsVersion = 8.3.1;
						ProvisioningStyle = Automatic;
					};
				};
			};
			buildConfigurationList = 89FAF25E1FD1060B008C9655 /* Build configuration list for PBXProject "XYCardbag" */;
			compatibilityVersion = "Xcode 3.2";
			developmentRegion = English;
			hasScannedForEncodings = 0;
			knownRegions = (
				en,
				Base,
			);
			mainGroup = 89FAF25A1FD1060B008C9655;
			productRefGroup = 89FAF2641FD1060C008C9655 /* Products */;
			projectDirPath = "";
			projectRoot = "";
			targets = (
				89FAF2621FD1060B008C9655 /* XYCardbag */,
				89FAF27B1FD1060C008C9655 /* XYCardbagTests */,
				89FAF2861FD1060C008C9655 /* XYCardbagUITests */,
				89FAF29C1FD14FCB008C9655 /* nen */,
			);
		};
/* End PBXProject section */

/* Begin PBXResourcesBuildPhase section */
		89FAF2611FD1060B008C9655 /* Resources */ = {
			isa = PBXResourcesBuildPhase;
			buildActionMask = 2147483647;
			files = (
				B458EFA72010864000B3D0D3 /* XYContactsDetailController.xib in Resources */,
				89FB5EA91FE7C2B7002AE67C /* Main.storyboard in Resources */,
				89FB5EAE1FE7C2E9002AE67C /* Info.plist in Resources */,
				B458EF9F2010434C00B3D0D3 /* Info.plist in Resources */,
				B45B18A12011D92900359427 /* XYNewContactInfoCell.xib in Resources */,
				B431CFCA20EDB2CC008CD732 /* carIcon.png in Resources */,
				89FB5F041FE8EB64002AE67C /* Assets.xcassets in Resources */,
				89FB5EA81FE7C2B7002AE67C /* LaunchScreen.storyboard in Resources */,
				B45B18A62011EA2800359427 /* XYNewContactPhoneCell.xib in Resources */,
				B458EFAC2010876300B3D0D3 /* XYContactDetailCell.xib in Resources */,
			);
			runOnlyForDeploymentPostprocessing = 0;
		};
		89FAF27A1FD1060C008C9655 /* Resources */ = {
			isa = PBXResourcesBuildPhase;
			buildActionMask = 2147483647;
			files = (
			);
			runOnlyForDeploymentPostprocessing = 0;
		};
		89FAF2851FD1060C008C9655 /* Resources */ = {
			isa = PBXResourcesBuildPhase;
			buildActionMask = 2147483647;
			files = (
			);
			runOnlyForDeploymentPostprocessing = 0;
		};
/* End PBXResourcesBuildPhase section */

/* Begin PBXSourcesBuildPhase section */
		89FAF25F1FD1060B008C9655 /* Sources */ = {
			isa = PBXSourcesBuildPhase;
			buildActionMask = 2147483647;
			files = (
				B461409B201835D000BE5A24 /* NSObject+MJCoding.m in Sources */,
				B4614096201835D000BE5A24 /* MJMember.m in Sources */,
				B431CFD020EE1E34008CD732 /* XYBankCardModel.m in Sources */,
				B458EFA62010864000B3D0D3 /* XYContactsDetailController.m in Sources */,
				B4ABDE6320ED2BED00E74941 /* MASCompositeConstraint.m in Sources */,
				B461409C201835D000BE5A24 /* MJMethod.m in Sources */,
				89FB5EEE1FE8CF9E002AE67C /* XYNavigationController.m in Sources */,
				B4ABDE6820ED2BED00E74941 /* MASConstraint.m in Sources */,
				89FB5EDF1FE7C8E6002AE67C /* XYTabBarController.m in Sources */,
				89FB5ECF1FE7C85D002AE67C /* XYIdentitiesController.m in Sources */,
				B4ABDE6720ED2BED00E74941 /* View+MASAdditions.m in Sources */,
				B45B18A02011D92900359427 /* XYNewContactInfoCell.m in Sources */,
				B458EF9C2010434C00B3D0D3 /* FMDatabase.m in Sources */,
				B458EF9D2010434C00B3D0D3 /* FMDatabasePool.m in Sources */,
				B4614098201835D000BE5A24 /* MJIvar.m in Sources */,
				89FB5ED21FE7C870002AE67C /* XYBankCardController.m in Sources */,
				B4ABDE6920ED2BED00E74941 /* MASViewConstraint.m in Sources */,
				B431CFD420EE1FAA008CD732 /* XYBankCardCache.m in Sources */,
				89FB5F011FE8EB19002AE67C /* UITextField+XYAdd.m in Sources */,
				B461409D201835D000BE5A24 /* MJArgument.m in Sources */,
				89FB5F001FE8EB19002AE67C /* UIImage+XYAdd.m in Sources */,
				B4ABDE6620ED2BED00E74941 /* NSArray+MASAdditions.m in Sources */,
				B458EF9E2010434C00B3D0D3 /* FMResultSet.m in Sources */,
				B431CFCD20EDBD80008CD732 /* XYToolBar.m in Sources */,
				B45B18A52011EA2800359427 /* XYNewContactPhoneCell.m in Sources */,
				B4990F0B200EEAFA009F3BB0 /* XYContacts.m in Sources */,
				89FB5EAC1FE7C2B7002AE67C /* ViewController.m in Sources */,
				89FB5EFF1FE8EB19002AE67C /* UIBarButtonItem+XYAdd.m in Sources */,
				89FB5F021FE8EB19002AE67C /* UIView+XYAdd.m in Sources */,
				89FB5ECC1FE7C840002AE67C /* XYNetAccountController.m in Sources */,
				B4ABDE4620ED1B1C00E74941 /* XYBankCardBgViewController.m in Sources */,
				B458EFA2201043C400B3D0D3 /* XYContactsDBTool.m in Sources */,
				B4ABDE6A20ED2BED00E74941 /* MASViewAttribute.m in Sources */,
				B45B189C2011D04B00359427 /* XYAddNewContactController.m in Sources */,
				B458EFAB2010876300B3D0D3 /* XYContactDetailCell.m in Sources */,
				B4ABDE6220ED2BED00E74941 /* ViewController+MASAdditions.m in Sources */,
				B4C7C67920EE80E00078BEEB /* XYAddCategoryController.m in Sources */,
				B4ABDE6120ED2BED00E74941 /* NSLayoutConstraint+MASDebugAdditions.m in Sources */,
				89FB5EFE1FE8EB19002AE67C /* XYCommon.m in Sources */,
				89FB5ED51FE7C87A002AE67C /* XYContactsListController.m in Sources */,
				89FB5EAB1FE7C2B7002AE67C /* main.m in Sources */,
				89FB5EA61FE7C2B7002AE67C /* AppDelegate.m in Sources */,
				B458EF9B2010434C00B3D0D3 /* FMDatabaseAdditions.m in Sources */,
				B45B18A92011EEE000359427 /* XYAddNewCell.m in Sources */,
				B4ABDE6420ED2BED00E74941 /* MASConstraintMaker.m in Sources */,
				B4ABDE6520ED2BED00E74941 /* MASLayoutConstraint.m in Sources */,
				B4614099201835D000BE5A24 /* MJType.m in Sources */,
				B461409E201835D000BE5A24 /* NSObject+MJMember.m in Sources */,
				89FB5EE21FE7C908002AE67C /* XYTabBar.m in Sources */,
				B4614097201835D000BE5A24 /* NSObject+MJKeyValue.m in Sources */,
				B461409A201835D000BE5A24 /* MJTypeEncoding.m in Sources */,
				B458EF9A2010434C00B3D0D3 /* FMDatabaseQueue.m in Sources */,
			);
			runOnlyForDeploymentPostprocessing = 0;
		};
		89FAF2781FD1060C008C9655 /* Sources */ = {
			isa = PBXSourcesBuildPhase;
			buildActionMask = 2147483647;
			files = (
				89FAF2811FD1060C008C9655 /* XYCardbagTests.m in Sources */,
			);
			runOnlyForDeploymentPostprocessing = 0;
		};
		89FAF2831FD1060C008C9655 /* Sources */ = {
			isa = PBXSourcesBuildPhase;
			buildActionMask = 2147483647;
			files = (
				89FAF28C1FD1060C008C9655 /* XYCardbagUITests.m in Sources */,
			);
			runOnlyForDeploymentPostprocessing = 0;
		};
		89FAF2991FD14FCB008C9655 /* Sources */ = {
			isa = PBXSourcesBuildPhase;
			buildActionMask = 2147483647;
			files = (
			);
			runOnlyForDeploymentPostprocessing = 0;
		};
/* End PBXSourcesBuildPhase section */

/* Begin PBXTargetDependency section */
		89FAF27E1FD1060C008C9655 /* PBXTargetDependency */ = {
			isa = PBXTargetDependency;
			target = 89FAF2621FD1060B008C9655 /* XYCardbag */;
			targetProxy = 89FAF27D1FD1060C008C9655 /* PBXContainerItemProxy */;
		};
		89FAF2891FD1060C008C9655 /* PBXTargetDependency */ = {
			isa = PBXTargetDependency;
			target = 89FAF2621FD1060B008C9655 /* XYCardbag */;
			targetProxy = 89FAF2881FD1060C008C9655 /* PBXContainerItemProxy */;
		};
/* End PBXTargetDependency section */

/* Begin PBXVariantGroup section */
		89FB5E9E1FE7C2B7002AE67C /* LaunchScreen.storyboard */ = {
			isa = PBXVariantGroup;
			children = (
				89FB5E9F1FE7C2B7002AE67C /* Base */,
			);
			name = LaunchScreen.storyboard;
			sourceTree = "<group>";
		};
		89FB5EA01FE7C2B7002AE67C /* Main.storyboard */ = {
			isa = PBXVariantGroup;
			children = (
				89FB5EA11FE7C2B7002AE67C /* Base */,
			);
			name = Main.storyboard;
			sourceTree = "<group>";
		};
/* End PBXVariantGroup section */

/* Begin XCBuildConfiguration section */
		89FAF28E1FD1060C008C9655 /* Debug */ = {
			isa = XCBuildConfiguration;
			buildSettings = {
				ALWAYS_SEARCH_USER_PATHS = NO;
				CLANG_ANALYZER_NONNULL = YES;
				CLANG_ANALYZER_NUMBER_OBJECT_CONVERSION = YES_AGGRESSIVE;
				CLANG_CXX_LANGUAGE_STANDARD = "gnu++0x";
				CLANG_CXX_LIBRARY = "libc++";
				CLANG_ENABLE_MODULES = YES;
				CLANG_ENABLE_OBJC_ARC = YES;
				CLANG_WARN_BOOL_CONVERSION = YES;
				CLANG_WARN_CONSTANT_CONVERSION = YES;
				CLANG_WARN_DIRECT_OBJC_ISA_USAGE = YES_ERROR;
				CLANG_WARN_DOCUMENTATION_COMMENTS = YES;
				CLANG_WARN_EMPTY_BODY = YES;
				CLANG_WARN_ENUM_CONVERSION = YES;
				CLANG_WARN_INFINITE_RECURSION = YES;
				CLANG_WARN_INT_CONVERSION = YES;
				CLANG_WARN_OBJC_ROOT_CLASS = YES_ERROR;
				CLANG_WARN_SUSPICIOUS_MOVE = YES;
				CLANG_WARN_UNREACHABLE_CODE = YES;
				CLANG_WARN__DUPLICATE_METHOD_MATCH = YES;
				"CODE_SIGN_IDENTITY[sdk=iphoneos*]" = "iPhone Developer";
				COPY_PHASE_STRIP = NO;
				DEBUG_INFORMATION_FORMAT = dwarf;
				ENABLE_STRICT_OBJC_MSGSEND = YES;
				ENABLE_TESTABILITY = YES;
				GCC_C_LANGUAGE_STANDARD = gnu99;
				GCC_DYNAMIC_NO_PIC = NO;
				GCC_NO_COMMON_BLOCKS = YES;
				GCC_OPTIMIZATION_LEVEL = 0;
				GCC_PREPROCESSOR_DEFINITIONS = (
					"DEBUG=1",
					"$(inherited)",
				);
				GCC_WARN_64_TO_32_BIT_CONVERSION = YES;
				GCC_WARN_ABOUT_RETURN_TYPE = YES_ERROR;
				GCC_WARN_UNDECLARED_SELECTOR = YES;
				GCC_WARN_UNINITIALIZED_AUTOS = YES_AGGRESSIVE;
				GCC_WARN_UNUSED_FUNCTION = YES;
				GCC_WARN_UNUSED_VARIABLE = YES;
				IPHONEOS_DEPLOYMENT_TARGET = 10.3;
				MTL_ENABLE_DEBUG_INFO = YES;
				ONLY_ACTIVE_ARCH = YES;
				SDKROOT = iphoneos;
				TARGETED_DEVICE_FAMILY = "1,2";
			};
			name = Debug;
		};
		89FAF28F1FD1060C008C9655 /* Release */ = {
			isa = XCBuildConfiguration;
			buildSettings = {
				ALWAYS_SEARCH_USER_PATHS = NO;
				CLANG_ANALYZER_NONNULL = YES;
				CLANG_ANALYZER_NUMBER_OBJECT_CONVERSION = YES_AGGRESSIVE;
				CLANG_CXX_LANGUAGE_STANDARD = "gnu++0x";
				CLANG_CXX_LIBRARY = "libc++";
				CLANG_ENABLE_MODULES = YES;
				CLANG_ENABLE_OBJC_ARC = YES;
				CLANG_WARN_BOOL_CONVERSION = YES;
				CLANG_WARN_CONSTANT_CONVERSION = YES;
				CLANG_WARN_DIRECT_OBJC_ISA_USAGE = YES_ERROR;
				CLANG_WARN_DOCUMENTATION_COMMENTS = YES;
				CLANG_WARN_EMPTY_BODY = YES;
				CLANG_WARN_ENUM_CONVERSION = YES;
				CLANG_WARN_INFINITE_RECURSION = YES;
				CLANG_WARN_INT_CONVERSION = YES;
				CLANG_WARN_OBJC_ROOT_CLASS = YES_ERROR;
				CLANG_WARN_SUSPICIOUS_MOVE = YES;
				CLANG_WARN_UNREACHABLE_CODE = YES;
				CLANG_WARN__DUPLICATE_METHOD_MATCH = YES;
				"CODE_SIGN_IDENTITY[sdk=iphoneos*]" = "iPhone Developer";
				COPY_PHASE_STRIP = NO;
				DEBUG_INFORMATION_FORMAT = "dwarf-with-dsym";
				ENABLE_NS_ASSERTIONS = NO;
				ENABLE_STRICT_OBJC_MSGSEND = YES;
				GCC_C_LANGUAGE_STANDARD = gnu99;
				GCC_NO_COMMON_BLOCKS = YES;
				GCC_WARN_64_TO_32_BIT_CONVERSION = YES;
				GCC_WARN_ABOUT_RETURN_TYPE = YES_ERROR;
				GCC_WARN_UNDECLARED_SELECTOR = YES;
				GCC_WARN_UNINITIALIZED_AUTOS = YES_AGGRESSIVE;
				GCC_WARN_UNUSED_FUNCTION = YES;
				GCC_WARN_UNUSED_VARIABLE = YES;
				IPHONEOS_DEPLOYMENT_TARGET = 10.3;
				MTL_ENABLE_DEBUG_INFO = NO;
				SDKROOT = iphoneos;
				TARGETED_DEVICE_FAMILY = "1,2";
				VALIDATE_PRODUCT = YES;
			};
			name = Release;
		};
		89FAF2911FD1060C008C9655 /* Debug */ = {
			isa = XCBuildConfiguration;
			buildSettings = {
				ASSETCATALOG_COMPILER_APPICON_NAME = AppIcon;
				"CODE_SIGN_IDENTITY[sdk=iphoneos*]" = "iPhone Developer";
				CODE_SIGN_STYLE = Automatic;
				DEVELOPMENT_TEAM = SLUU2646N5;
				GCC_PRECOMPILE_PREFIX_HEADER = YES;
				GCC_PREFIX_HEADER = "$(SRCROOT)/XYCardbag/SupportFiles/XYCardbag.pch";
				INFOPLIST_FILE = XYCardbag/Info.plist;
				IPHONEOS_DEPLOYMENT_TARGET = 8.0;
				LD_RUNPATH_SEARCH_PATHS = "$(inherited) @executable_path/Frameworks";
				PRODUCT_BUNDLE_IDENTIFIER = com.xiaoyou.caipiao;
				PRODUCT_NAME = "$(TARGET_NAME)";
				PROVISIONING_PROFILE_SPECIFIER = "";
				USER_HEADER_SEARCH_PATHS = "/Users/quxiaoyou/Desktop/XYCardbag简单/XYCardbag/Other/Venders";
			};
			name = Debug;
		};
		89FAF2921FD1060C008C9655 /* Release */ = {
			isa = XCBuildConfiguration;
			buildSettings = {
				ASSETCATALOG_COMPILER_APPICON_NAME = AppIcon;
				"CODE_SIGN_IDENTITY[sdk=iphoneos*]" = "iPhone Developer";
				CODE_SIGN_STYLE = Automatic;
				DEVELOPMENT_TEAM = SLUU2646N5;
				GCC_PRECOMPILE_PREFIX_HEADER = YES;
				GCC_PREFIX_HEADER = "$(SRCROOT)/XYCardbag/SupportFiles/XYCardbag.pch";
				INFOPLIST_FILE = XYCardbag/Info.plist;
				IPHONEOS_DEPLOYMENT_TARGET = 8.0;
				LD_RUNPATH_SEARCH_PATHS = "$(inherited) @executable_path/Frameworks";
				PRODUCT_BUNDLE_IDENTIFIER = com.xiaoyou.caipiao;
				PRODUCT_NAME = "$(TARGET_NAME)";
				PROVISIONING_PROFILE_SPECIFIER = "";
				USER_HEADER_SEARCH_PATHS = "/Users/quxiaoyou/Desktop/XYCardbag简单/XYCardbag/Other/Venders";
			};
			name = Release;
		};
		89FAF2941FD1060C008C9655 /* Debug */ = {
			isa = XCBuildConfiguration;
			buildSettings = {
				BUNDLE_LOADER = "$(TEST_HOST)";
				INFOPLIST_FILE = XYCardbagTests/Info.plist;
				LD_RUNPATH_SEARCH_PATHS = "$(inherited) @executable_path/Frameworks @loader_path/Frameworks";
				PRODUCT_BUNDLE_IDENTIFIER = xiaoyou.XYCardbagTests;
				PRODUCT_NAME = "$(TARGET_NAME)";
				TEST_HOST = "$(BUILT_PRODUCTS_DIR)/XYCardbag.app/XYCardbag";
			};
			name = Debug;
		};
		89FAF2951FD1060C008C9655 /* Release */ = {
			isa = XCBuildConfiguration;
			buildSettings = {
				BUNDLE_LOADER = "$(TEST_HOST)";
				INFOPLIST_FILE = XYCardbagTests/Info.plist;
				LD_RUNPATH_SEARCH_PATHS = "$(inherited) @executable_path/Frameworks @loader_path/Frameworks";
				PRODUCT_BUNDLE_IDENTIFIER = xiaoyou.XYCardbagTests;
				PRODUCT_NAME = "$(TARGET_NAME)";
				TEST_HOST = "$(BUILT_PRODUCTS_DIR)/XYCardbag.app/XYCardbag";
			};
			name = Release;
		};
		89FAF2971FD1060C008C9655 /* Debug */ = {
			isa = XCBuildConfiguration;
			buildSettings = {
				INFOPLIST_FILE = XYCardbagUITests/Info.plist;
				LD_RUNPATH_SEARCH_PATHS = "$(inherited) @executable_path/Frameworks @loader_path/Frameworks";
				PRODUCT_BUNDLE_IDENTIFIER = xiaoyou.XYCardbagUITests;
				PRODUCT_NAME = "$(TARGET_NAME)";
				TEST_TARGET_NAME = XYCardbag;
			};
			name = Debug;
		};
		89FAF2981FD1060C008C9655 /* Release */ = {
			isa = XCBuildConfiguration;
			buildSettings = {
				INFOPLIST_FILE = XYCardbagUITests/Info.plist;
				LD_RUNPATH_SEARCH_PATHS = "$(inherited) @executable_path/Frameworks @loader_path/Frameworks";
				PRODUCT_BUNDLE_IDENTIFIER = xiaoyou.XYCardbagUITests;
				PRODUCT_NAME = "$(TARGET_NAME)";
				TEST_TARGET_NAME = XYCardbag;
			};
			name = Release;
		};
		89FAF2A41FD14FCB008C9655 /* Debug */ = {
			isa = XCBuildConfiguration;
			buildSettings = {
				OTHER_LDFLAGS = "-ObjC";
				PRODUCT_NAME = "$(TARGET_NAME)";
				SKIP_INSTALL = YES;
			};
			name = Debug;
		};
		89FAF2A51FD14FCB008C9655 /* Release */ = {
			isa = XCBuildConfiguration;
			buildSettings = {
				OTHER_LDFLAGS = "-ObjC";
				PRODUCT_NAME = "$(TARGET_NAME)";
				SKIP_INSTALL = YES;
			};
			name = Release;
		};
/* End XCBuildConfiguration section */

/* Begin XCConfigurationList section */
		89FAF25E1FD1060B008C9655 /* Build configuration list for PBXProject "XYCardbag" */ = {
			isa = XCConfigurationList;
			buildConfigurations = (
				89FAF28E1FD1060C008C9655 /* Debug */,
				89FAF28F1FD1060C008C9655 /* Release */,
			);
			defaultConfigurationIsVisible = 0;
			defaultConfigurationName = Release;
		};
		89FAF2901FD1060C008C9655 /* Build configuration list for PBXNativeTarget "XYCardbag" */ = {
			isa = XCConfigurationList;
			buildConfigurations = (
				89FAF2911FD1060C008C9655 /* Debug */,
				89FAF2921FD1060C008C9655 /* Release */,
			);
			defaultConfigurationIsVisible = 0;
			defaultConfigurationName = Release;
		};
		89FAF2931FD1060C008C9655 /* Build configuration list for PBXNativeTarget "XYCardbagTests" */ = {
			isa = XCConfigurationList;
			buildConfigurations = (
				89FAF2941FD1060C008C9655 /* Debug */,
				89FAF2951FD1060C008C9655 /* Release */,
			);
			defaultConfigurationIsVisible = 0;
			defaultConfigurationName = Release;
		};
		89FAF2961FD1060C008C9655 /* Build configuration list for PBXNativeTarget "XYCardbagUITests" */ = {
			isa = XCConfigurationList;
			buildConfigurations = (
				89FAF2971FD1060C008C9655 /* Debug */,
				89FAF2981FD1060C008C9655 /* Release */,
			);
			defaultConfigurationIsVisible = 0;
			defaultConfigurationName = Release;
		};
		89FAF2A31FD14FCB008C9655 /* Build configuration list for PBXNativeTarget "nen" */ = {
			isa = XCConfigurationList;
			buildConfigurations = (
				89FAF2A41FD14FCB008C9655 /* Debug */,
				89FAF2A51FD14FCB008C9655 /* Release */,
			);
			defaultConfigurationIsVisible = 0;
			defaultConfigurationName = Release;
		};
/* End XCConfigurationList section */
	};
	rootObject = 89FAF25B1FD1060B008C9655 /* Project object */;
}
